PODS:
  - Flutter (1.0.0)
  - flutter_ble_lib (2.3.1):
    - Flutter
    - MultiplatformBleAdapter (~> 0.1.7)
  - MultiplatformBleAdapter (0.1.7)

DEPENDENCIES:
  - Flutter (from `Flutter`)
  - flutter_ble_lib (from `.symlinks/plugins/flutter_ble_lib/ios`)

SPEC REPOS:
  trunk:
    - MultiplatformBleAdapter

EXTERNAL SOURCES:
  Flutter:
    :path: Flutter
  flutter_ble_lib:
    :path: ".symlinks/plugins/flutter_ble_lib/ios"

SPEC CHECKSUMS:
  Flutter: 0e3d915762c693b495b44d77113d4970485de6ec
  flutter_ble_lib: 12143505774d055781b836052cf0b2c2a2257b0b
  MultiplatformBleAdapter: 975cfb2a333b2c42b7a11628bd100ccb61872da2

PODFILE CHECKSUM: aafe91acc616949ddb318b77800a7f51bffa2a4c

COCOAPODS: 1.8.4
